
Microsoft Visual Studio Solution File, Format Version 12.00
# Visual Studio Version 16
VisualStudioVersion = 16.0.32602.291
MinimumVisualStudioVersion = 10.0.40219.1
Project("{FAE04EC0-301F-11D3-BF4B-00C04F79EFBC}") = "FiguresWF", "FiguresWF\FiguresWF.csproj", "{5194867C-D3F8-425A-B296-364DC23592CE}"
EndProject
Global
	GlobalSection(SolutionConfigurationPlatforms) = preSolution
		Debug|Any CPU = Debug|Any CPU
		Release|Any CPU = Release|Any CPU
	EndGlobalSection
	GlobalSection(ProjectConfigurationPlatforms) = postSolution
		{5194867C-D3F8-425A-B296-364DC23592CE}.Debug|Any CPU.ActiveCfg = Debug|Any CPU
		{5194867C-D3F8-425A-B296-364DC23592CE}.Debug|Any CPU.Build.0 = Debug|Any CPU
		{5194867C-D3F8-425A-B296-364DC23592CE}.Release|Any CPU.ActiveCfg = Release|Any CPU
		{5194867C-D3F8-425A-B296-364DC23592CE}.Release|Any CPU.Build.0 = Release|Any CPU
	EndGlobalSection
	GlobalSection(SolutionProperties) = preSolution
		HideSolutionNode = FALSE
	EndGlobalSection
	GlobalSection(ExtensibilityGlobals) = postSolution
		SolutionGuid = {F935F348-F11B-4FD0-AD21-32A784D36FB8}
	EndGlobalSection
EndGlobal
